// !$*UTF8*$!
{
	archiveVersion = 1;
	classes = {
	};
	objectVersion = 46;
	objects = {

/* Begin PBXBuildFile section */
		260427BB1D232CC500F66BB1 /* MoviesOutletCommunicator.swift in Sources */ = {isa = PBXBuildFile; fileRef = 260427BA1D232CC500F66BB1 /* MoviesOutletCommunicator.swift */; };
		260427BD1D232F4300F66BB1 /* MoviesOutletDelegate.swift in Sources */ = {isa = PBXBuildFile; fileRef = 260427BC1D232F4300F66BB1 /* MoviesOutletDelegate.swift */; };
		2622E3BC1D22CDA300852378 /* AppDelegate.swift in Sources */ = {isa = PBXBuildFile; fileRef = 2622E3BB1D22CDA300852378 /* AppDelegate.swift */; };
		2622E3C11D22CDA300852378 /* Main.storyboard in Resources */ = {isa = PBXBuildFile; fileRef = 2622E3BF1D22CDA300852378 /* Main.storyboard */; };
		2622E3C31D22CDA300852378 /* Assets.xcassets in Resources */ = {isa = PBXBuildFile; fileRef = 2622E3C21D22CDA300852378 /* Assets.xcassets */; };
		2622E3C61D22CDA300852378 /* LaunchScreen.storyboard in Resources */ = {isa = PBXBuildFile; fileRef = 2622E3C41D22CDA300852378 /* LaunchScreen.storyboard */; };
		2622E3D31D22D28300852378 /* MoviesOutletController.swift in Sources */ = {isa = PBXBuildFile; fileRef = 2622E3D21D22D28300852378 /* MoviesOutletController.swift */; };
		2622E3D91D2325C100852378 /* Movie.swift in Sources */ = {isa = PBXBuildFile; fileRef = 2622E3D81D2325C100852378 /* Movie.swift */; };
		2622E3DD1D23271C00852378 /* Communicator.swift in Sources */ = {isa = PBXBuildFile; fileRef = 2622E3DC1D23271C00852378 /* Communicator.swift */; };
		264E40A21D257784000F0D8A /* Supporter.swift in Sources */ = {isa = PBXBuildFile; fileRef = 264E40A11D257784000F0D8A /* Supporter.swift */; };
		264E40A61D25D2FC000F0D8A /* MovieGallery.xib in Resources */ = {isa = PBXBuildFile; fileRef = 264E40A51D25D2FC000F0D8A /* MovieGallery.xib */; };
		264E40A81D25D399000F0D8A /* MovieGallery.swift in Sources */ = {isa = PBXBuildFile; fileRef = 264E40A71D25D399000F0D8A /* MovieGallery.swift */; };
		264E40AA1D25D421000F0D8A /* KViewBase.swift in Sources */ = {isa = PBXBuildFile; fileRef = 264E40A91D25D421000F0D8A /* KViewBase.swift */; };
		264E40AC1D25D47E000F0D8A /* MovieGalleryDelegate.swift in Sources */ = {isa = PBXBuildFile; fileRef = 264E40AB1D25D47E000F0D8A /* MovieGalleryDelegate.swift */; };
		264E40AF1D25D5F2000F0D8A /* MovieGridCell.swift in Sources */ = {isa = PBXBuildFile; fileRef = 264E40AD1D25D5F2000F0D8A /* MovieGridCell.swift */; };
		264E40B01D25D5F2000F0D8A /* MovieGridCell.xib in Resources */ = {isa = PBXBuildFile; fileRef = 264E40AE1D25D5F2000F0D8A /* MovieGridCell.xib */; };
		26DB0D061D27836700EAE536 /* MovieDetailViewController.swift in Sources */ = {isa = PBXBuildFile; fileRef = 26DB0D051D27836700EAE536 /* MovieDetailViewController.swift */; };
		26DB0D0A1D27B6AB00EAE536 /* MovieDetailCommunicator.swift in Sources */ = {isa = PBXBuildFile; fileRef = 26DB0D091D27B6AB00EAE536 /* MovieDetailCommunicator.swift */; };
		26DB0D0D1D27BA0E00EAE536 /* MovieList.xib in Resources */ = {isa = PBXBuildFile; fileRef = 26DB0D0C1D27BA0E00EAE536 /* MovieList.xib */; };
		26DB0D0F1D27BA6300EAE536 /* MovieListCell.xib in Resources */ = {isa = PBXBuildFile; fileRef = 26DB0D0E1D27BA6300EAE536 /* MovieListCell.xib */; };
		26DB0D111D27BB7D00EAE536 /* MovieListCell.swift in Sources */ = {isa = PBXBuildFile; fileRef = 26DB0D101D27BB7D00EAE536 /* MovieListCell.swift */; };
		26DB0D131D27BBAC00EAE536 /* MovieList.swift in Sources */ = {isa = PBXBuildFile; fileRef = 26DB0D121D27BBAC00EAE536 /* MovieList.swift */; };
		26DB0D161D27EC2E00EAE536 /* MovieListDelegate.swift in Sources */ = {isa = PBXBuildFile; fileRef = 26DB0D151D27EC2E00EAE536 /* MovieListDelegate.swift */; };
		26DB0D1A1D28705A00EAE536 /* NowPlayingViewController.swift in Sources */ = {isa = PBXBuildFile; fileRef = 26DB0D191D28705A00EAE536 /* NowPlayingViewController.swift */; };
		26DB0D1C1D2872A700EAE536 /* TopRatedViewController.swift in Sources */ = {isa = PBXBuildFile; fileRef = 26DB0D1B1D2872A700EAE536 /* TopRatedViewController.swift */; };
		26DB0D1E1D287A7700EAE536 /* SearchResultViewController.swift in Sources */ = {isa = PBXBuildFile; fileRef = 26DB0D1D1D287A7700EAE536 /* SearchResultViewController.swift */; };
		6BA2CC711D2CCCE700E0CDAF /* main.m in Sources */ = {isa = PBXBuildFile; fileRef = 6BA2CC701D2CCCE700E0CDAF /* main.m */; };
		CFD741C7812C46692959FEB4 /* Pods_QuickFlicks.framework in Frameworks */ = {isa = PBXBuildFile; fileRef = 837B1569535A3ADA40EFAE65 /* Pods_QuickFlicks.framework */; };
/* End PBXBuildFile section */

/* Begin PBXFileReference section */
		260427BA1D232CC500F66BB1 /* MoviesOutletCommunicator.swift */ = {isa = PBXFileReference; fileEncoding = 4; lastKnownFileType = sourcecode.swift; path = MoviesOutletCommunicator.swift; sourceTree = "<group>"; };
		260427BC1D232F4300F66BB1 /* MoviesOutletDelegate.swift */ = {isa = PBXFileReference; fileEncoding = 4; lastKnownFileType = sourcecode.swift; path = MoviesOutletDelegate.swift; sourceTree = "<group>"; };
		2622E3B81D22CDA300852378 /* QuickFlicks.app */ = {isa = PBXFileReference; explicitFileType = wrapper.application; includeInIndex = 0; path = QuickFlicks.app; sourceTree = BUILT_PRODUCTS_DIR; };
		2622E3BB1D22CDA300852378 /* AppDelegate.swift */ = {isa = PBXFileReference; lastKnownFileType = sourcecode.swift; path = AppDelegate.swift; sourceTree = "<group>"; };
		2622E3C01D22CDA300852378 /* Base */ = {isa = PBXFileReference; lastKnownFileType = file.storyboard; name = Base; path = Base.lproj/Main.storyboard; sourceTree = "<group>"; };
		2622E3C21D22CDA300852378 /* Assets.xcassets */ = {isa = PBXFileReference; lastKnownFileType = folder.assetcatalog; path = Assets.xcassets; sourceTree = "<group>"; };
		2622E3C51D22CDA300852378 /* Base */ = {isa = PBXFileReference; lastKnownFileType = file.storyboard; name = Base; path = Base.lproj/LaunchScreen.storyboard; sourceTree = "<group>"; };
		2622E3C71D22CDA300852378 /* Info.plist */ = {isa = PBXFileReference; lastKnownFileType = text.plist.xml; path = Info.plist; sourceTree = "<group>"; };
		2622E3D21D22D28300852378 /* MoviesOutletController.swift */ = {isa = PBXFileReference; fileEncoding = 4; lastKnownFileType = sourcecode.swift; path = MoviesOutletController.swift; sourceTree = "<group>"; };
		2622E3D81D2325C100852378 /* Movie.swift */ = {isa = PBXFileReference; fileEncoding = 4; lastKnownFileType = sourcecode.swift; path = Movie.swift; sourceTree = "<group>"; };
		2622E3DC1D23271C00852378 /* Communicator.swift */ = {isa = PBXFileReference; fileEncoding = 4; lastKnownFileType = sourcecode.swift; path = Communicator.swift; sourceTree = "<group>"; };
		264E40A11D257784000F0D8A /* Supporter.swift */ = {isa = PBXFileReference; fileEncoding = 4; lastKnownFileType = sourcecode.swift; path = Supporter.swift; sourceTree = "<group>"; };
		264E40A51D25D2FC000F0D8A /* MovieGallery.xib */ = {isa = PBXFileReference; fileEncoding = 4; lastKnownFileType = file.xib; path = MovieGallery.xib; sourceTree = "<group>"; };
		264E40A71D25D399000F0D8A /* MovieGallery.swift */ = {isa = PBXFileReference; fileEncoding = 4; lastKnownFileType = sourcecode.swift; name = MovieGallery.swift; path = Controller/MovieGallery.swift; sourceTree = "<group>"; };
		264E40A91D25D421000F0D8A /* KViewBase.swift */ = {isa = PBXFileReference; fileEncoding = 4; lastKnownFileType = sourcecode.swift; path = KViewBase.swift; sourceTree = "<group>"; };
		264E40AB1D25D47E000F0D8A /* MovieGalleryDelegate.swift */ = {isa = PBXFileReference; fileEncoding = 4; lastKnownFileType = sourcecode.swift; path = MovieGalleryDelegate.swift; sourceTree = "<group>"; };
		264E40AD1D25D5F2000F0D8A /* MovieGridCell.swift */ = {isa = PBXFileReference; fileEncoding = 4; lastKnownFileType = sourcecode.swift; path = MovieGridCell.swift; sourceTree = "<group>"; };
		264E40AE1D25D5F2000F0D8A /* MovieGridCell.xib */ = {isa = PBXFileReference; fileEncoding = 4; lastKnownFileType = file.xib; path = MovieGridCell.xib; sourceTree = "<group>"; };
		26DB0D051D27836700EAE536 /* MovieDetailViewController.swift */ = {isa = PBXFileReference; fileEncoding = 4; lastKnownFileType = sourcecode.swift; path = MovieDetailViewController.swift; sourceTree = "<group>"; };
		26DB0D091D27B6AB00EAE536 /* MovieDetailCommunicator.swift */ = {isa = PBXFileReference; fileEncoding = 4; lastKnownFileType = sourcecode.swift; path = MovieDetailCommunicator.swift; sourceTree = "<group>"; };
		26DB0D0C1D27BA0E00EAE536 /* MovieList.xib */ = {isa = PBXFileReference; fileEncoding = 4; lastKnownFileType = file.xib; path = MovieList.xib; sourceTree = "<group>"; };
		26DB0D0E1D27BA6300EAE536 /* MovieListCell.xib */ = {isa = PBXFileReference; fileEncoding = 4; lastKnownFileType = file.xib; path = MovieListCell.xib; sourceTree = "<group>"; };
		26DB0D101D27BB7D00EAE536 /* MovieListCell.swift */ = {isa = PBXFileReference; fileEncoding = 4; lastKnownFileType = sourcecode.swift; path = MovieListCell.swift; sourceTree = "<group>"; };
		26DB0D121D27BBAC00EAE536 /* MovieList.swift */ = {isa = PBXFileReference; fileEncoding = 4; lastKnownFileType = sourcecode.swift; path = MovieList.swift; sourceTree = "<group>"; };
		26DB0D151D27EC2E00EAE536 /* MovieListDelegate.swift */ = {isa = PBXFileReference; fileEncoding = 4; lastKnownFileType = sourcecode.swift; path = MovieListDelegate.swift; sourceTree = "<group>"; };
		26DB0D191D28705A00EAE536 /* NowPlayingViewController.swift */ = {isa = PBXFileReference; fileEncoding = 4; lastKnownFileType = sourcecode.swift; path = NowPlayingViewController.swift; sourceTree = "<group>"; };
		26DB0D1B1D2872A700EAE536 /* TopRatedViewController.swift */ = {isa = PBXFileReference; fileEncoding = 4; lastKnownFileType = sourcecode.swift; path = TopRatedViewController.swift; sourceTree = "<group>"; };
		26DB0D1D1D287A7700EAE536 /* SearchResultViewController.swift */ = {isa = PBXFileReference; fileEncoding = 4; lastKnownFileType = sourcecode.swift; path = SearchResultViewController.swift; sourceTree = "<group>"; };
		43515D672AAC2D7D83094315 /* Pods-QuickFlicks.debug.xcconfig */ = {isa = PBXFileReference; includeInIndex = 1; lastKnownFileType = text.xcconfig; name = "Pods-QuickFlicks.debug.xcconfig"; path = "Pods/Target Support Files/Pods-QuickFlicks/Pods-QuickFlicks.debug.xcconfig"; sourceTree = "<group>"; };
		6BA2CC701D2CCCE700E0CDAF /* main.m */ = {isa = PBXFileReference; fileEncoding = 4; lastKnownFileType = sourcecode.c.objc; name = main.m; path = ../main.m; sourceTree = "<group>"; };
		837B1569535A3ADA40EFAE65 /* Pods_QuickFlicks.framework */ = {isa = PBXFileReference; explicitFileType = wrapper.framework; includeInIndex = 0; path = Pods_QuickFlicks.framework; sourceTree = BUILT_PRODUCTS_DIR; };
		BE08EE1ED968A2FEB3CDA360 /* Pods-QuickFlicks.release.xcconfig */ = {isa = PBXFileReference; includeInIndex = 1; lastKnownFileType = text.xcconfig; name = "Pods-QuickFlicks.release.xcconfig"; path = "Pods/Target Support Files/Pods-QuickFlicks/Pods-QuickFlicks.release.xcconfig"; sourceTree = "<group>"; };
/* End PBXFileReference section */

/* Begin PBXFrameworksBuildPhase section */
		2622E3B51D22CDA300852378 /* Frameworks */ = {
			isa = PBXFrameworksBuildPhase;
			buildActionMask = 2147483647;
			files = (
				CFD741C7812C46692959FEB4 /* Pods_QuickFlicks.framework in Frameworks */,
			);
			runOnlyForDeploymentPostprocessing = 0;
		};
/* End PBXFrameworksBuildPhase section */

/* Begin PBXGroup section */
		2622E3AF1D22CDA300852378 = {
			isa = PBXGroup;
			children = (
				2622E3BA1D22CDA300852378 /* QuickFlicks */,
				264E40A91D25D421000F0D8A /* KViewBase.swift */,
				2622E3CD1D22CDAC00852378 /* Supporting files */,
				2622E3B91D22CDA300852378 /* Products */,
				28E50C5F98C78799F76EE6DD /* Pods */,
				B8E9D2F212B6A86DD3AF9095 /* Frameworks */,
			);
			sourceTree = "<group>";
		};
		2622E3B91D22CDA300852378 /* Products */ = {
			isa = PBXGroup;
			children = (
				2622E3B81D22CDA300852378 /* QuickFlicks.app */,
			);
			name = Products;
			sourceTree = "<group>";
		};
		2622E3BA1D22CDA300852378 /* QuickFlicks */ = {
			isa = PBXGroup;
			children = (
				264E40A01D25776F000F0D8A /* Common */,
				2622E3D61D2325B100852378 /* Communicator */,
				2622E3D71D2325B100852378 /* Model */,
				2622E3D11D22D28300852378 /* Controller */,
				2622E3CE1D22CDBC00852378 /* View */,
			);
			path = QuickFlicks;
			sourceTree = "<group>";
		};
		2622E3CD1D22CDAC00852378 /* Supporting files */ = {
			isa = PBXGroup;
			children = (
				6BA2CC701D2CCCE700E0CDAF /* main.m */,
				2622E3BB1D22CDA300852378 /* AppDelegate.swift */,
				2622E3C21D22CDA300852378 /* Assets.xcassets */,
				2622E3C41D22CDA300852378 /* LaunchScreen.storyboard */,
				2622E3C71D22CDA300852378 /* Info.plist */,
			);
			name = "Supporting files";
			path = QuickFlicks;
			sourceTree = "<group>";
		};
		2622E3CE1D22CDBC00852378 /* View */ = {
			isa = PBXGroup;
			children = (
				2622E3BF1D22CDA300852378 /* Main.storyboard */,
				26DB0D0B1D27BA0100EAE536 /* MovieGallery */,
				26DB0D141D27EB9000EAE536 /* MovieList */,
			);
			name = View;
			sourceTree = "<group>";
		};
		2622E3D11D22D28300852378 /* Controller */ = {
			isa = PBXGroup;
			children = (
				26DB0D071D27B68500EAE536 /* MoviesOutlet */,
				26DB0D081D27B68D00EAE536 /* Detail */,
				26DB0D191D28705A00EAE536 /* NowPlayingViewController.swift */,
				26DB0D1B1D2872A700EAE536 /* TopRatedViewController.swift */,
				26DB0D1D1D287A7700EAE536 /* SearchResultViewController.swift */,
			);
			path = Controller;
			sourceTree = "<group>";
		};
		2622E3D61D2325B100852378 /* Communicator */ = {
			isa = PBXGroup;
			children = (
				2622E3DC1D23271C00852378 /* Communicator.swift */,
			);
			path = Communicator;
			sourceTree = "<group>";
		};
		2622E3D71D2325B100852378 /* Model */ = {
			isa = PBXGroup;
			children = (
				2622E3D81D2325C100852378 /* Movie.swift */,
			);
			path = Model;
			sourceTree = "<group>";
		};
		264E40A01D25776F000F0D8A /* Common */ = {
			isa = PBXGroup;
			children = (
				264E40A11D257784000F0D8A /* Supporter.swift */,
			);
			path = Common;
			sourceTree = "<group>";
		};
		26DB0D071D27B68500EAE536 /* MoviesOutlet */ = {
			isa = PBXGroup;
			children = (
				2622E3D21D22D28300852378 /* MoviesOutletController.swift */,
				260427BC1D232F4300F66BB1 /* MoviesOutletDelegate.swift */,
				260427BA1D232CC500F66BB1 /* MoviesOutletCommunicator.swift */,
			);
			name = MoviesOutlet;
			sourceTree = "<group>";
		};
		26DB0D081D27B68D00EAE536 /* Detail */ = {
			isa = PBXGroup;
			children = (
				26DB0D051D27836700EAE536 /* MovieDetailViewController.swift */,
				26DB0D091D27B6AB00EAE536 /* MovieDetailCommunicator.swift */,
			);
			name = Detail;
			sourceTree = "<group>";
		};
		26DB0D0B1D27BA0100EAE536 /* MovieGallery */ = {
			isa = PBXGroup;
			children = (
				264E40A51D25D2FC000F0D8A /* MovieGallery.xib */,
				264E40A71D25D399000F0D8A /* MovieGallery.swift */,
				264E40AB1D25D47E000F0D8A /* MovieGalleryDelegate.swift */,
				264E40AD1D25D5F2000F0D8A /* MovieGridCell.swift */,
				264E40AE1D25D5F2000F0D8A /* MovieGridCell.xib */,
			);
			name = MovieGallery;
			sourceTree = "<group>";
		};
		26DB0D141D27EB9000EAE536 /* MovieList */ = {
			isa = PBXGroup;
			children = (
				26DB0D0C1D27BA0E00EAE536 /* MovieList.xib */,
				26DB0D121D27BBAC00EAE536 /* MovieList.swift */,
				26DB0D151D27EC2E00EAE536 /* MovieListDelegate.swift */,
				26DB0D0E1D27BA6300EAE536 /* MovieListCell.xib */,
				26DB0D101D27BB7D00EAE536 /* MovieListCell.swift */,
			);
			name = MovieList;
			sourceTree = "<group>";
		};
		28E50C5F98C78799F76EE6DD /* Pods */ = {
			isa = PBXGroup;
			children = (
				43515D672AAC2D7D83094315 /* Pods-QuickFlicks.debug.xcconfig */,
				BE08EE1ED968A2FEB3CDA360 /* Pods-QuickFlicks.release.xcconfig */,
			);
			name = Pods;
			sourceTree = "<group>";
		};
		B8E9D2F212B6A86DD3AF9095 /* Frameworks */ = {
			isa = PBXGroup;
			children = (
				837B1569535A3ADA40EFAE65 /* Pods_QuickFlicks.framework */,
			);
			name = Frameworks;
			sourceTree = "<group>";
		};
/* End PBXGroup section */

/* Begin PBXNativeTarget section */
		2622E3B71D22CDA300852378 /* QuickFlicks */ = {
			isa = PBXNativeTarget;
			buildConfigurationList = 2622E3CA1D22CDA300852378 /* Build configuration list for PBXNativeTarget "QuickFlicks" */;
			buildPhases = (
				80BF2ACABBBCBC71ABDBDEE5 /* 📦 Check Pods Manifest.lock */,
				2622E3B41D22CDA300852378 /* Sources */,
				2622E3B51D22CDA300852378 /* Frameworks */,
				2622E3B61D22CDA300852378 /* Resources */,
				09CC9AC8803B8D71405C6D3E /* 📦 Embed Pods Frameworks */,
				DEBE0D50246AA739CBC0B5AA /* 📦 Copy Pods Resources */,
				26DB0D1F1D29327A00EAE536 /* ShellScript */,
			);
			buildRules = (
			);
			dependencies = (
			);
			name = QuickFlicks;
			productName = QuickFlicks;
			productReference = 2622E3B81D22CDA300852378 /* QuickFlicks.app */;
			productType = "com.apple.product-type.application";
		};
/* End PBXNativeTarget section */

/* Begin PBXProject section */
		2622E3B01D22CDA300852378 /* Project object */ = {
			isa = PBXProject;
			attributes = {
				LastSwiftUpdateCheck = 0730;
				LastUpgradeCheck = 0730;
				ORGANIZATIONNAME = "Ky Nguyen";
				TargetAttributes = {
					2622E3B71D22CDA300852378 = {
						CreatedOnToolsVersion = 7.3;
					};
				};
			};
			buildConfigurationList = 2622E3B31D22CDA300852378 /* Build configuration list for PBXProject "QuickFlicks" */;
			compatibilityVersion = "Xcode 3.2";
			developmentRegion = English;
			hasScannedForEncodings = 0;
			knownRegions = (
				en,
				Base,
			);
			mainGroup = 2622E3AF1D22CDA300852378;
			productRefGroup = 2622E3B91D22CDA300852378 /* Products */;
			projectDirPath = "";
			projectRoot = "";
			targets = (
				2622E3B71D22CDA300852378 /* QuickFlicks */,
			);
		};
/* End PBXProject section */

/* Begin PBXResourcesBuildPhase section */
		2622E3B61D22CDA300852378 /* Resources */ = {
			isa = PBXResourcesBuildPhase;
			buildActionMask = 2147483647;
			files = (
				2622E3C61D22CDA300852378 /* LaunchScreen.storyboard in Resources */,
				264E40A61D25D2FC000F0D8A /* MovieGallery.xib in Resources */,
				26DB0D0F1D27BA6300EAE536 /* MovieListCell.xib in Resources */,
				26DB0D0D1D27BA0E00EAE536 /* MovieList.xib in Resources */,
				264E40B01D25D5F2000F0D8A /* MovieGridCell.xib in Resources */,
				2622E3C31D22CDA300852378 /* Assets.xcassets in Resources */,
				2622E3C11D22CDA300852378 /* Main.storyboard in Resources */,
			);
			runOnlyForDeploymentPostprocessing = 0;
		};
/* End PBXResourcesBuildPhase section */

/* Begin PBXShellScriptBuildPhase section */
		09CC9AC8803B8D71405C6D3E /* 📦 Embed Pods Frameworks */ = {
			isa = PBXShellScriptBuildPhase;
			buildActionMask = 2147483647;
			files = (
			);
			inputPaths = (
			);
			name = "📦 Embed Pods Frameworks";
			outputPaths = (
			);
			runOnlyForDeploymentPostprocessing = 0;
			shellPath = /bin/sh;
			shellScript = "\"${SRCROOT}/Pods/Target Support Files/Pods-QuickFlicks/Pods-QuickFlicks-frameworks.sh\"\n";
			showEnvVarsInLog = 0;
		};
		26DB0D1F1D29327A00EAE536 /* ShellScript */ = {
			isa = PBXShellScriptBuildPhase;
			buildActionMask = 2147483647;
			files = (
			);
			inputPaths = (
			);
			outputPaths = (
			);
			runOnlyForDeploymentPostprocessing = 0;
			shellPath = /bin/sh;
			shellScript = "\"${PODS_ROOT}/Fabric/run\" da5c34f244239ef30f23ed9618a48c47f4545a62 dec10b87e14aceea38e08584d8ca33b84c497f566a98212663c542daef1239af";
		};
		80BF2ACABBBCBC71ABDBDEE5 /* 📦 Check Pods Manifest.lock */ = {
			isa = PBXShellScriptBuildPhase;
			buildActionMask = 2147483647;
			files = (
			);
			inputPaths = (
			);
			name = "📦 Check Pods Manifest.lock";
			outputPaths = (
			);
			runOnlyForDeploymentPostprocessing = 0;
			shellPath = /bin/sh;
			shellScript = "diff \"${PODS_ROOT}/../Podfile.lock\" \"${PODS_ROOT}/Manifest.lock\" > /dev/null\nif [[ $? != 0 ]] ; then\n    cat << EOM\nerror: The sandbox is not in sync with the Podfile.lock. Run 'pod install' or update your CocoaPods installation.\nEOM\n    exit 1\nfi\n";
			showEnvVarsInLog = 0;
		};
		DEBE0D50246AA739CBC0B5AA /* 📦 Copy Pods Resources */ = {
			isa = PBXShellScriptBuildPhase;
			buildActionMask = 2147483647;
			files = (
			);
			inputPaths = (
			);
			name = "📦 Copy Pods Resources";
			outputPaths = (
			);
			runOnlyForDeploymentPostprocessing = 0;
			shellPath = /bin/sh;
			shellScript = "\"${SRCROOT}/Pods/Target Support Files/Pods-QuickFlicks/Pods-QuickFlicks-resources.sh\"\n";
			showEnvVarsInLog = 0;
		};
/* End PBXShellScriptBuildPhase section */

/* Begin PBXSourcesBuildPhase section */
		2622E3B41D22CDA300852378 /* Sources */ = {
			isa = PBXSourcesBuildPhase;
			buildActionMask = 2147483647;
			files = (
				264E40AA1D25D421000F0D8A /* KViewBase.swift in Sources */,
				260427BD1D232F4300F66BB1 /* MoviesOutletDelegate.swift in Sources */,
				26DB0D0A1D27B6AB00EAE536 /* MovieDetailCommunicator.swift in Sources */,
				26DB0D131D27BBAC00EAE536 /* MovieList.swift in Sources */,
				260427BB1D232CC500F66BB1 /* MoviesOutletCommunicator.swift in Sources */,
				2622E3DD1D23271C00852378 /* Communicator.swift in Sources */,
				26DB0D061D27836700EAE536 /* MovieDetailViewController.swift in Sources */,
				26DB0D1A1D28705A00EAE536 /* NowPlayingViewController.swift in Sources */,
				2622E3D31D22D28300852378 /* MoviesOutletController.swift in Sources */,
				2622E3BC1D22CDA300852378 /* AppDelegate.swift in Sources */,
				6BA2CC711D2CCCE700E0CDAF /* main.m in Sources */,
				26DB0D161D27EC2E00EAE536 /* MovieListDelegate.swift in Sources */,
				264E40AC1D25D47E000F0D8A /* MovieGalleryDelegate.swift in Sources */,
				264E40A81D25D399000F0D8A /* MovieGallery.swift in Sources */,
				264E40AF1D25D5F2000F0D8A /* MovieGridCell.swift in Sources */,
				264E40A21D257784000F0D8A /* Supporter.swift in Sources */,
				26DB0D111D27BB7D00EAE536 /* MovieListCell.swift in Sources */,
				2622E3D91D2325C100852378 /* Movie.swift in Sources */,
				26DB0D1E1D287A7700EAE536 /* SearchResultViewController.swift in Sources */,
				26DB0D1C1D2872A700EAE536 /* TopRatedViewController.swift in Sources */,
			);
			runOnlyForDeploymentPostprocessing = 0;
		};
/* End PBXSourcesBuildPhase section */

/* Begin PBXVariantGroup section */
		2622E3BF1D22CDA300852378 /* Main.storyboard */ = {
			isa = PBXVariantGroup;
			children = (
				2622E3C01D22CDA300852378 /* Base */,
			);
			name = Main.storyboard;
			sourceTree = "<group>";
		};
		2622E3C41D22CDA300852378 /* LaunchScreen.storyboard */ = {
			isa = PBXVariantGroup;
			children = (
				2622E3C51D22CDA300852378 /* Base */,
			);
			name = LaunchScreen.storyboard;
			sourceTree = "<group>";
		};
/* End PBXVariantGroup section */

/* Begin XCBuildConfiguration section */
		2622E3C81D22CDA300852378 /* Debug */ = {
			isa = XCBuildConfiguration;
			buildSettings = {
				ALWAYS_SEARCH_USER_PATHS = NO;
				CLANG_ANALYZER_NONNULL = YES;
				CLANG_CXX_LANGUAGE_STANDARD = "gnu++0x";
				CLANG_CXX_LIBRARY = "libc++";
				CLANG_ENABLE_MODULES = YES;
				CLANG_ENABLE_OBJC_ARC = YES;
				CLANG_WARN_BOOL_CONVERSION = YES;
				CLANG_WARN_CONSTANT_CONVERSION = YES;
				CLANG_WARN_DIRECT_OBJC_ISA_USAGE = YES_ERROR;
				CLANG_WARN_EMPTY_BODY = YES;
				CLANG_WARN_ENUM_CONVERSION = YES;
				CLANG_WARN_INT_CONVERSION = YES;
				CLANG_WARN_OBJC_ROOT_CLASS = YES_ERROR;
				CLANG_WARN_UNREACHABLE_CODE = YES;
				CLANG_WARN__DUPLICATE_METHOD_MATCH = YES;
				"CODE_SIGN_IDENTITY[sdk=iphoneos*]" = "iPhone Developer";
				COPY_PHASE_STRIP = NO;
				DEBUG_INFORMATION_FORMAT = dwarf;
				ENABLE_STRICT_OBJC_MSGSEND = YES;
				ENABLE_TESTABILITY = YES;
				GCC_C_LANGUAGE_STANDARD = gnu99;
				GCC_DYNAMIC_NO_PIC = NO;
				GCC_NO_COMMON_BLOCKS = YES;
				GCC_OPTIMIZATION_LEVEL = 0;
				GCC_PREPROCESSOR_DEFINITIONS = (
					"DEBUG=1",
					"$(inherited)",
				);
				GCC_SYMBOLS_PRIVATE_EXTERN = NO;
				GCC_WARN_64_TO_32_BIT_CONVERSION = YES;
				GCC_WARN_ABOUT_RETURN_TYPE = YES_ERROR;
				GCC_WARN_UNDECLARED_SELECTOR = YES;
				GCC_WARN_UNINITIALIZED_AUTOS = YES_AGGRESSIVE;
				GCC_WARN_UNUSED_FUNCTION = YES;
				GCC_WARN_UNUSED_VARIABLE = YES;
				IPHONEOS_DEPLOYMENT_TARGET = 9.3;
				MTL_ENABLE_DEBUG_INFO = YES;
				ONLY_ACTIVE_ARCH = YES;
				SDKROOT = iphoneos;
				SWIFT_OPTIMIZATION_LEVEL = "-Onone";
			};
			name = Debug;
		};
		2622E3C91D22CDA300852378 /* Release */ = {
			isa = XCBuildConfiguration;
			buildSettings = {
				ALWAYS_SEARCH_USER_PATHS = NO;
				CLANG_ANALYZER_NONNULL = YES;
				CLANG_CXX_LANGUAGE_STANDARD = "gnu++0x";
				CLANG_CXX_LIBRARY = "libc++";
				CLANG_ENABLE_MODULES = YES;
				CLANG_ENABLE_OBJC_ARC = YES;
				CLANG_WARN_BOOL_CONVERSION = YES;
				CLANG_WARN_CONSTANT_CONVERSION = YES;
				CLANG_WARN_DIRECT_OBJC_ISA_USAGE = YES_ERROR;
				CLANG_WARN_EMPTY_BODY = YES;
				CLANG_WARN_ENUM_CONVERSION = YES;
				CLANG_WARN_INT_CONVERSION = YES;
				CLANG_WARN_OBJC_ROOT_CLASS = YES_ERROR;
				CLANG_WARN_UNREACHABLE_CODE = YES;
				CLANG_WARN__DUPLICATE_METHOD_MATCH = YES;
				"CODE_SIGN_IDENTITY[sdk=iphoneos*]" = "iPhone Developer";
				COPY_PHASE_STRIP = NO;
				DEBUG_INFORMATION_FORMAT = "dwarf-with-dsym";
				ENABLE_NS_ASSERTIONS = NO;
				ENABLE_STRICT_OBJC_MSGSEND = YES;
				GCC_C_LANGUAGE_STANDARD = gnu99;
				GCC_NO_COMMON_BLOCKS = YES;
				GCC_WARN_64_TO_32_BIT_CONVERSION = YES;
				GCC_WARN_ABOUT_RETURN_TYPE = YES_ERROR;
				GCC_WARN_UNDECLARED_SELECTOR = YES;
				GCC_WARN_UNINITIALIZED_AUTOS = YES_AGGRESSIVE;
				GCC_WARN_UNUSED_FUNCTION = YES;
				GCC_WARN_UNUSED_VARIABLE = YES;
				IPHONEOS_DEPLOYMENT_TARGET = 9.3;
				MTL_ENABLE_DEBUG_INFO = NO;
				SDKROOT = iphoneos;
				VALIDATE_PRODUCT = YES;
			};
			name = Release;
		};
		2622E3CB1D22CDA300852378 /* Debug */ = {
			isa = XCBuildConfiguration;
			baseConfigurationReference = 43515D672AAC2D7D83094315 /* Pods-QuickFlicks.debug.xcconfig */;
			buildSettings = {
				ASSETCATALOG_COMPILER_APPICON_NAME = AppIcon;
				CLANG_ENABLE_MODULES = YES;
				GCC_SYMBOLS_PRIVATE_EXTERN = NO;
				INFOPLIST_FILE = QuickFlicks/Info.plist;
				LD_RUNPATH_SEARCH_PATHS = "$(inherited) @executable_path/Frameworks";
				PRODUCT_BUNDLE_IDENTIFIER = phuot.QuickFlicks;
				PRODUCT_NAME = "$(TARGET_NAME)";
				SWIFT_OPTIMIZATION_LEVEL = "-Onone";
			};
			name = Debug;
		};
		2622E3CC1D22CDA300852378 /* Release */ = {
			isa = XCBuildConfiguration;
			baseConfigurationReference = BE08EE1ED968A2FEB3CDA360 /* Pods-QuickFlicks.release.xcconfig */;
			buildSettings = {
				ASSETCATALOG_COMPILER_APPICON_NAME = AppIcon;
				CLANG_ENABLE_MODULES = YES;
				INFOPLIST_FILE = QuickFlicks/Info.plist;
				LD_RUNPATH_SEARCH_PATHS = "$(inherited) @executable_path/Frameworks";
				PRODUCT_BUNDLE_IDENTIFIER = phuot.QuickFlicks;
				PRODUCT_NAME = "$(TARGET_NAME)";
			};
			name = Release;
		};
/* End XCBuildConfiguration section */

/* Begin XCConfigurationList section */
		2622E3B31D22CDA300852378 /* Build configuration list for PBXProject "QuickFlicks" */ = {
			isa = XCConfigurationList;
			buildConfigurations = (
				2622E3C81D22CDA300852378 /* Debug */,
				2622E3C91D22CDA300852378 /* Release */,
			);
			defaultConfigurationIsVisible = 0;
			defaultConfigurationName = Release;
		};
		2622E3CA1D22CDA300852378 /* Build configuration list for PBXNativeTarget "QuickFlicks" */ = {
			isa = XCConfigurationList;
			buildConfigurations = (
				2622E3CB1D22CDA300852378 /* Debug */,
				2622E3CC1D22CDA300852378 /* Release */,
			);
			defaultConfigurationIsVisible = 0;
			defaultConfigurationName = Release;
		};
/* End XCConfigurationList section */
	};
	rootObject = 2622E3B01D22CDA300852378 /* Project object */;
}
